
Microsoft Visual Studio Solution File, Format Version 12.00
# Visual Studio Version 17
VisualStudioVersion = 17.9.34902.65
MinimumVisualStudioVersion = 10.0.40219.1
Project("{FAE04EC0-301F-11D3-BF4B-00C04F79EFBC}") = "FPSGame", "FPSGame\FPSGame.csproj", "{6DF55F62-E7DE-44FE-8372-CA4A7EEDA36D}"
EndProject
Global
	GlobalSection(SolutionConfigurationPlatforms) = preSolution
		Debug|Any CPU = Debug|Any CPU
		Release|Any CPU = Release|Any CPU
	EndGlobalSection
	GlobalSection(ProjectConfigurationPlatforms) = postSolution
		{6DF55F62-E7DE-44FE-8372-CA4A7EEDA36D}.Debug|Any CPU.ActiveCfg = Debug|Any CPU
		{6DF55F62-E7DE-44FE-8372-CA4A7EEDA36D}.Debug|Any CPU.Build.0 = Debug|Any CPU
		{6DF55F62-E7DE-44FE-8372-CA4A7EEDA36D}.Release|Any CPU.ActiveCfg = Release|Any CPU
		{6DF55F62-E7DE-44FE-8372-CA4A7EEDA36D}.Release|Any CPU.Build.0 = Release|Any CPU
	EndGlobalSection
	GlobalSection(SolutionProperties) = preSolution
		HideSolutionNode = FALSE
	EndGlobalSection
	GlobalSection(ExtensibilityGlobals) = postSolution
		SolutionGuid = {8B5E6A7D-9ECE-4510-89C7-D7DF23272551}
	EndGlobalSection
EndGlobal
